// !$*UTF8*$!
{
	archiveVersion = 1;
	classes = {
	};
	objectVersion = 50;
	objects = {

/* Begin PBXBuildFile section */
		8F021956223110AB00C91DD4 /* AppDelegate.swift in Sources */ = {isa = PBXBuildFile; fileRef = 8F021955223110AB00C91DD4 /* AppDelegate.swift */; };
		8F021958223110AB00C91DD4 /* ViewController.swift in Sources */ = {isa = PBXBuildFile; fileRef = 8F021957223110AB00C91DD4 /* ViewController.swift */; };
		8F02195B223110AB00C91DD4 /* Main.storyboard in Resources */ = {isa = PBXBuildFile; fileRef = 8F021959223110AB00C91DD4 /* Main.storyboard */; };
		8F02195D223110AD00C91DD4 /* Assets.xcassets in Resources */ = {isa = PBXBuildFile; fileRef = 8F02195C223110AD00C91DD4 /* Assets.xcassets */; };
		8F021960223110AD00C91DD4 /* LaunchScreen.storyboard in Resources */ = {isa = PBXBuildFile; fileRef = 8F02195E223110AD00C91DD4 /* LaunchScreen.storyboard */; };
		8F0219682231137700C91DD4 /* Cell_colv.swift in Sources */ = {isa = PBXBuildFile; fileRef = 8F0219672231137700C91DD4 /* Cell_colv.swift */; };
		8F02196A2231138C00C91DD4 /* FlowLayout_colv.swift in Sources */ = {isa = PBXBuildFile; fileRef = 8F0219692231138C00C91DD4 /* FlowLayout_colv.swift */; };
/* End PBXBuildFile section */

/* Begin PBXFileReference section */
		8F021952223110AB00C91DD4 /* ColvCellSelfSizing.app */ = {isa = PBXFileReference; explicitFileType = wrapper.application; includeInIndex = 0; path = ColvCellSelfSizing.app; sourceTree = BUILT_PRODUCTS_DIR; };
		8F021955223110AB00C91DD4 /* AppDelegate.swift */ = {isa = PBXFileReference; lastKnownFileType = sourcecode.swift; path = AppDelegate.swift; sourceTree = "<group>"; };
		8F021957223110AB00C91DD4 /* ViewController.swift */ = {isa = PBXFileReference; lastKnownFileType = sourcecode.swift; path = ViewController.swift; sourceTree = "<group>"; };
		8F02195A223110AB00C91DD4 /* Base */ = {isa = PBXFileReference; lastKnownFileType = file.storyboard; name = Base; path = Base.lproj/Main.storyboard; sourceTree = "<group>"; };
		8F02195C223110AD00C91DD4 /* Assets.xcassets */ = {isa = PBXFileReference; lastKnownFileType = folder.assetcatalog; path = Assets.xcassets; sourceTree = "<group>"; };
		8F02195F223110AD00C91DD4 /* Base */ = {isa = PBXFileReference; lastKnownFileType = file.storyboard; name = Base; path = Base.lproj/LaunchScreen.storyboard; sourceTree = "<group>"; };
		8F021961223110AD00C91DD4 /* Info.plist */ = {isa = PBXFileReference; lastKnownFileType = text.plist.xml; path = Info.plist; sourceTree = "<group>"; };
		8F0219672231137700C91DD4 /* Cell_colv.swift */ = {isa = PBXFileReference; lastKnownFileType = sourcecode.swift; path = Cell_colv.swift; sourceTree = "<group>"; };
		8F0219692231138C00C91DD4 /* FlowLayout_colv.swift */ = {isa = PBXFileReference; lastKnownFileType = sourcecode.swift; path = FlowLayout_colv.swift; sourceTree = "<group>"; };
/* End PBXFileReference section */

/* Begin PBXFrameworksBuildPhase section */
		8F02194F223110AB00C91DD4 /* Frameworks */ = {
			isa = PBXFrameworksBuildPhase;
			buildActionMask = 2147483647;
			files = (
			);
			runOnlyForDeploymentPostprocessing = 0;
		};
/* End PBXFrameworksBuildPhase section */

/* Begin PBXGroup section */
		8F021949223110AB00C91DD4 = {
			isa = PBXGroup;
			children = (
				8F021954223110AB00C91DD4 /* ColvCellSelfSizing */,
				8F021953223110AB00C91DD4 /* Products */,
			);
			sourceTree = "<group>";
		};
		8F021953223110AB00C91DD4 /* Products */ = {
			isa = PBXGroup;
			children = (
				8F021952223110AB00C91DD4 /* ColvCellSelfSizing.app */,
			);
			name = Products;
			sourceTree = "<group>";
		};
		8F021954223110AB00C91DD4 /* ColvCellSelfSizing */ = {
			isa = PBXGroup;
			children = (
				8F021955223110AB00C91DD4 /* AppDelegate.swift */,
				8F02195C223110AD00C91DD4 /* Assets.xcassets */,
				8F0219672231137700C91DD4 /* Cell_colv.swift */,
				8F0219692231138C00C91DD4 /* FlowLayout_colv.swift */,
				8F021961223110AD00C91DD4 /* Info.plist */,
				8F02195E223110AD00C91DD4 /* LaunchScreen.storyboard */,
				8F021959223110AB00C91DD4 /* Main.storyboard */,
				8F021957223110AB00C91DD4 /* ViewController.swift */,
			);
			path = ColvCellSelfSizing;
			sourceTree = "<group>";
		};
/* End PBXGroup section */

/* Begin PBXNativeTarget section */
		8F021951223110AB00C91DD4 /* ColvCellSelfSizing */ = {
			isa = PBXNativeTarget;
			buildConfigurationList = 8F021964223110AD00C91DD4 /* Build configuration list for PBXNativeTarget "ColvCellSelfSizing" */;
			buildPhases = (
				8F02194E223110AB00C91DD4 /* Sources */,
				8F02194F223110AB00C91DD4 /* Frameworks */,
				8F021950223110AB00C91DD4 /* Resources */,
			);
			buildRules = (
			);
			dependencies = (
			);
			name = ColvCellSelfSizing;
			productName = ColvCellSelfSizing;
			productReference = 8F021952223110AB00C91DD4 /* ColvCellSelfSizing.app */;
			productType = "com.apple.product-type.application";
		};
/* End PBXNativeTarget section */

/* Begin PBXProject section */
		8F02194A223110AB00C91DD4 /* Project object */ = {
			isa = PBXProject;
			attributes = {
				LastSwiftUpdateCheck = 1010;
				LastUpgradeCheck = 1010;
				ORGANIZATIONNAME = chat;
				TargetAttributes = {
					8F021951223110AB00C91DD4 = {
						CreatedOnToolsVersion = 10.1;
					};
				};
			};
			buildConfigurationList = 8F02194D223110AB00C91DD4 /* Build configuration list for PBXProject "ColvCellSelfSizing" */;
			compatibilityVersion = "Xcode 9.3";
			developmentRegion = en;
			hasScannedForEncodings = 0;
			knownRegions = (
				en,
				Base,
			);
			mainGroup = 8F021949223110AB00C91DD4;
			productRefGroup = 8F021953223110AB00C91DD4 /* Products */;
			projectDirPath = "";
			projectRoot = "";
			targets = (
				8F021951223110AB00C91DD4 /* ColvCellSelfSizing */,
			);
		};
/* End PBXProject section */

/* Begin PBXResourcesBuildPhase section */
		8F021950223110AB00C91DD4 /* Resources */ = {
			isa = PBXResourcesBuildPhase;
			buildActionMask = 2147483647;
			files = (
				8F021960223110AD00C91DD4 /* LaunchScreen.storyboard in Resources */,
				8F02195D223110AD00C91DD4 /* Assets.xcassets in Resources */,
				8F02195B223110AB00C91DD4 /* Main.storyboard in Resources */,
			);
			runOnlyForDeploymentPostprocessing = 0;
		};
/* End PBXResourcesBuildPhase section */

/* Begin PBXSourcesBuildPhase section */
		8F02194E223110AB00C91DD4 /* Sources */ = {
			isa = PBXSourcesBuildPhase;
			buildActionMask = 2147483647;
			files = (
				8F021958223110AB00C91DD4 /* ViewController.swift in Sources */,
				8F02196A2231138C00C91DD4 /* FlowLayout_colv.swift in Sources */,
				8F0219682231137700C91DD4 /* Cell_colv.swift in Sources */,
				8F021956223110AB00C91DD4 /* AppDelegate.swift in Sources */,
			);
			runOnlyForDeploymentPostprocessing = 0;
		};
/* End PBXSourcesBuildPhase section */

/* Begin PBXVariantGroup section */
		8F021959223110AB00C91DD4 /* Main.storyboard */ = {
			isa = PBXVariantGroup;
			children = (
				8F02195A223110AB00C91DD4 /* Base */,
			);
			name = Main.storyboard;
			sourceTree = "<group>";
		};
		8F02195E223110AD00C91DD4 /* LaunchScreen.storyboard */ = {
			isa = PBXVariantGroup;
			children = (
				8F02195F223110AD00C91DD4 /* Base */,
			);
			name = LaunchScreen.storyboard;
			sourceTree = "<group>";
		};
/* End PBXVariantGroup section */

/* Begin XCBuildConfiguration section */
		8F021962223110AD00C91DD4 /* Debug */ = {
			isa = XCBuildConfiguration;
			buildSettings = {
				ALWAYS_SEARCH_USER_PATHS = NO;
				CLANG_ANALYZER_NONNULL = YES;
				CLANG_ANALYZER_NUMBER_OBJECT_CONVERSION = YES_AGGRESSIVE;
				CLANG_CXX_LANGUAGE_STANDARD = "gnu++14";
				CLANG_CXX_LIBRARY = "libc++";
				CLANG_ENABLE_MODULES = YES;
				CLANG_ENABLE_OBJC_ARC = YES;
				CLANG_ENABLE_OBJC_WEAK = YES;
				CLANG_WARN_BLOCK_CAPTURE_AUTORELEASING = YES;
				CLANG_WARN_BOOL_CONVERSION = YES;
				CLANG_WARN_COMMA = YES;
				CLANG_WARN_CONSTANT_CONVERSION = YES;
				CLANG_WARN_DEPRECATED_OBJC_IMPLEMENTATIONS = YES;
				CLANG_WARN_DIRECT_OBJC_ISA_USAGE = YES_ERROR;
				CLANG_WARN_DOCUMENTATION_COMMENTS = YES;
				CLANG_WARN_EMPTY_BODY = YES;
				CLANG_WARN_ENUM_CONVERSION = YES;
				CLANG_WARN_INFINITE_RECURSION = YES;
				CLANG_WARN_INT_CONVERSION = YES;
				CLANG_WARN_NON_LITERAL_NULL_CONVERSION = YES;
				CLANG_WARN_OBJC_IMPLICIT_RETAIN_SELF = YES;
				CLANG_WARN_OBJC_LITERAL_CONVERSION = YES;
				CLANG_WARN_OBJC_ROOT_CLASS = YES_ERROR;
				CLANG_WARN_RANGE_LOOP_ANALYSIS = YES;
				CLANG_WARN_STRICT_PROTOTYPES = YES;
				CLANG_WARN_SUSPICIOUS_MOVE = YES;
				CLANG_WARN_UNGUARDED_AVAILABILITY = YES_AGGRESSIVE;
				CLANG_WARN_UNREACHABLE_CODE = YES;
				CLANG_WARN__DUPLICATE_METHOD_MATCH = YES;
				CODE_SIGN_IDENTITY = "iPhone Developer";
				COPY_PHASE_STRIP = NO;
				DEBUG_INFORMATION_FORMAT = dwarf;
				ENABLE_STRICT_OBJC_MSGSEND = YES;
				ENABLE_TESTABILITY = YES;
				GCC_C_LANGUAGE_STANDARD = gnu11;
				GCC_DYNAMIC_NO_PIC = NO;
				GCC_NO_COMMON_BLOCKS = YES;
				GCC_OPTIMIZATION_LEVEL = 0;
				GCC_PREPROCESSOR_DEFINITIONS = (
					"DEBUG=1",
					"$(inherited)",
				);
				GCC_WARN_64_TO_32_BIT_CONVERSION = YES;
				GCC_WARN_ABOUT_RETURN_TYPE = YES_ERROR;
				GCC_WARN_UNDECLARED_SELECTOR = YES;
				GCC_WARN_UNINITIALIZED_AUTOS = YES_AGGRESSIVE;
				GCC_WARN_UNUSED_FUNCTION = YES;
				GCC_WARN_UNUSED_VARIABLE = YES;
				IPHONEOS_DEPLOYMENT_TARGET = 10.0;
				MTL_ENABLE_DEBUG_INFO = INCLUDE_SOURCE;
				MTL_FAST_MATH = YES;
				ONLY_ACTIVE_ARCH = YES;
				SDKROOT = iphoneos;
				SWIFT_ACTIVE_COMPILATION_CONDITIONS = DEBUG;
				SWIFT_OPTIMIZATION_LEVEL = "-Onone";
				SWIFT_VERSION = 5.0;
			};
			name = Debug;
		};
		8F021963223110AD00C91DD4 /* Release */ = {
			isa = XCBuildConfiguration;
			buildSettings = {
				ALWAYS_SEARCH_USER_PATHS = NO;
				CLANG_ANALYZER_NONNULL = YES;
				CLANG_ANALYZER_NUMBER_OBJECT_CONVERSION = YES_AGGRESSIVE;
				CLANG_CXX_LANGUAGE_STANDARD = "gnu++14";
				CLANG_CXX_LIBRARY = "libc++";
				CLANG_ENABLE_MODULES = YES;
				CLANG_ENABLE_OBJC_ARC = YES;
				CLANG_ENABLE_OBJC_WEAK = YES;
				CLANG_WARN_BLOCK_CAPTURE_AUTORELEASING = YES;
				CLANG_WARN_BOOL_CONVERSION = YES;
				CLANG_WARN_COMMA = YES;
				CLANG_WARN_CONSTANT_CONVERSION = YES;
				CLANG_WARN_DEPRECATED_OBJC_IMPLEMENTATIONS = YES;
				CLANG_WARN_DIRECT_OBJC_ISA_USAGE = YES_ERROR;
				CLANG_WARN_DOCUMENTATION_COMMENTS = YES;
				CLANG_WARN_EMPTY_BODY = YES;
				CLANG_WARN_ENUM_CONVERSION = YES;
				CLANG_WARN_INFINITE_RECURSION = YES;
				CLANG_WARN_INT_CONVERSION = YES;
				CLANG_WARN_NON_LITERAL_NULL_CONVERSION = YES;
				CLANG_WARN_OBJC_IMPLICIT_RETAIN_SELF = YES;
				CLANG_WARN_OBJC_LITERAL_CONVERSION = YES;
				CLANG_WARN_OBJC_ROOT_CLASS = YES_ERROR;
				CLANG_WARN_RANGE_LOOP_ANALYSIS = YES;
				CLANG_WARN_STRICT_PROTOTYPES = YES;
				CLANG_WARN_SUSPICIOUS_MOVE = YES;
				CLANG_WARN_UNGUARDED_AVAILABILITY = YES_AGGRESSIVE;
				CLANG_WARN_UNREACHABLE_CODE = YES;
				CLANG_WARN__DUPLICATE_METHOD_MATCH = YES;
				CODE_SIGN_IDENTITY = "iPhone Developer";
				COPY_PHASE_STRIP = NO;
				DEBUG_INFORMATION_FORMAT = "dwarf-with-dsym";
				ENABLE_NS_ASSERTIONS = NO;
				ENABLE_STRICT_OBJC_MSGSEND = YES;
				GCC_C_LANGUAGE_STANDARD = gnu11;
				GCC_NO_COMMON_BLOCKS = YES;
				GCC_WARN_64_TO_32_BIT_CONVERSION = YES;
				GCC_WARN_ABOUT_RETURN_TYPE = YES_ERROR;
				GCC_WARN_UNDECLARED_SELECTOR = YES;
				GCC_WARN_UNINITIALIZED_AUTOS = YES_AGGRESSIVE;
				GCC_WARN_UNUSED_FUNCTION = YES;
				GCC_WARN_UNUSED_VARIABLE = YES;
				IPHONEOS_DEPLOYMENT_TARGET = 10.0;
				MTL_ENABLE_DEBUG_INFO = NO;
				MTL_FAST_MATH = YES;
				SDKROOT = iphoneos;
				SWIFT_COMPILATION_MODE = wholemodule;
				SWIFT_OPTIMIZATION_LEVEL = "-O";
				SWIFT_VERSION = 5.0;
				VALIDATE_PRODUCT = YES;
			};
			name = Release;
		};
		8F021965223110AD00C91DD4 /* Debug */ = {
			isa = XCBuildConfiguration;
			buildSettings = {
				ASSETCATALOG_COMPILER_APPICON_NAME = AppIcon;
				CODE_SIGN_STYLE = Automatic;
				DEVELOPMENT_TEAM = AHN8TLXGHY;
				INFOPLIST_FILE = ColvCellSelfSizing/Info.plist;
				IPHONEOS_DEPLOYMENT_TARGET = 10.0;
				LD_RUNPATH_SEARCH_PATHS = (
					"$(inherited)",
					"@executable_path/Frameworks",
				);
				PRODUCT_BUNDLE_IDENTIFIER = com.onemena.ColvCellSelfSizing;
				PRODUCT_NAME = "$(TARGET_NAME)";
				SWIFT_VERSION = 5.0;
				TARGETED_DEVICE_FAMILY = 1;
			};
			name = Debug;
		};
		8F021966223110AD00C91DD4 /* Release */ = {
			isa = XCBuildConfiguration;
			buildSettings = {
				ASSETCATALOG_COMPILER_APPICON_NAME = AppIcon;
				CODE_SIGN_STYLE = Automatic;
				DEVELOPMENT_TEAM = AHN8TLXGHY;
				INFOPLIST_FILE = ColvCellSelfSizing/Info.plist;
				IPHONEOS_DEPLOYMENT_TARGET = 10.0;
				LD_RUNPATH_SEARCH_PATHS = (
					"$(inherited)",
					"@executable_path/Frameworks",
				);
				PRODUCT_BUNDLE_IDENTIFIER = com.onemena.ColvCellSelfSizing;
				PRODUCT_NAME = "$(TARGET_NAME)";
				SWIFT_VERSION = 5.0;
				TARGETED_DEVICE_FAMILY = 1;
			};
			name = Release;
		};
/* End XCBuildConfiguration section */

/* Begin XCConfigurationList section */
		8F02194D223110AB00C91DD4 /* Build configuration list for PBXProject "ColvCellSelfSizing" */ = {
			isa = XCConfigurationList;
			buildConfigurations = (
				8F021962223110AD00C91DD4 /* Debug */,
				8F021963223110AD00C91DD4 /* Release */,
			);
			defaultConfigurationIsVisible = 0;
			defaultConfigurationName = Release;
		};
		8F021964223110AD00C91DD4 /* Build configuration list for PBXNativeTarget "ColvCellSelfSizing" */ = {
			isa = XCConfigurationList;
			buildConfigurations = (
				8F021965223110AD00C91DD4 /* Debug */,
				8F021966223110AD00C91DD4 /* Release */,
			);
			defaultConfigurationIsVisible = 0;
			defaultConfigurationName = Release;
		};
/* End XCConfigurationList section */
	};
	rootObject = 8F02194A223110AB00C91DD4 /* Project object */;
}
